
Microsoft Visual Studio Solution File, Format Version 12.00
# Visual Studio 15
VisualStudioVersion = 15.0.28307.421
MinimumVisualStudioVersion = 10.0.40219.1
Project("{FAE04EC0-301F-11D3-BF4B-00C04F79EFBC}") = "ERPNews.Android", "ERPNews\ERPNews.Android\ERPNews.Android.csproj", "{402DB510-D0FE-45AB-AB19-269E08AC5DDA}"
EndProject
Project("{FAE04EC0-301F-11D3-BF4B-00C04F79EFBC}") = "ERPNews.iOS", "ERPNews\ERPNews.iOS\ERPNews.iOS.csproj", "{1935F1B5-865B-4953-A4F3-52F307A449DA}"
EndProject
Project("{FAE04EC0-301F-11D3-BF4B-00C04F79EFBC}") = "ERPNews.UWP", "ERPNews\ERPNews.UWP\ERPNews.UWP.csproj", "{925B1967-E815-43F2-B811-24E0C53B4794}"
EndProject
Project("{FAE04EC0-301F-11D3-BF4B-00C04F79EFBC}") = "ERPNews", "ERPNews\ERPNews\ERPNews.csproj", "{22C144DE-C1C3-4FC6-AC06-E862C9EE993C}"
EndProject
Global
	GlobalSection(SolutionConfigurationPlatforms) = preSolution
		Ad-Hoc|Any CPU = Ad-Hoc|Any CPU
		Ad-Hoc|ARM = Ad-Hoc|ARM
		Ad-Hoc|iPhone = Ad-Hoc|iPhone
		Ad-Hoc|iPhoneSimulator = Ad-Hoc|iPhoneSimulator
		Ad-Hoc|x64 = Ad-Hoc|x64
		Ad-Hoc|x86 = Ad-Hoc|x86
		AppStore|Any CPU = AppStore|Any CPU
		AppStore|ARM = AppStore|ARM
		AppStore|iPhone = AppStore|iPhone
		AppStore|iPhoneSimulator = AppStore|iPhoneSimulator
		AppStore|x64 = AppStore|x64
		AppStore|x86 = AppStore|x86
		Debug|Any CPU = Debug|Any CPU
		Debug|ARM = Debug|ARM
		Debug|iPhone = Debug|iPhone
		Debug|iPhoneSimulator = Debug|iPhoneSimulator
		Debug|x64 = Debug|x64
		Debug|x86 = Debug|x86
		Release|Any CPU = Release|Any CPU
		Release|ARM = Release|ARM
		Release|iPhone = Release|iPhone
		Release|iPhoneSimulator = Release|iPhoneSimulator
		Release|x64 = Release|x64
		Release|x86 = Release|x86
	EndGlobalSection
	GlobalSection(ProjectConfigurationPlatforms) = postSolution
		{402DB510-D0FE-45AB-AB19-269E08AC5DDA}.Ad-Hoc|Any CPU.ActiveCfg = Release|Any CPU
		{402DB510-D0FE-45AB-AB19-269E08AC5DDA}.Ad-Hoc|Any CPU.Build.0 = Release|Any CPU
		{402DB510-D0FE-45AB-AB19-269E08AC5DDA}.Ad-Hoc|Any CPU.Deploy.0 = Release|Any CPU
		{402DB510-D0FE-45AB-AB19-269E08AC5DDA}.Ad-Hoc|ARM.ActiveCfg = Release|Any CPU
		{402DB510-D0FE-45AB-AB19-269E08AC5DDA}.Ad-Hoc|ARM.Build.0 = Release|Any CPU
		{402DB510-D0FE-45AB-AB19-269E08AC5DDA}.Ad-Hoc|ARM.Deploy.0 = Release|Any CPU
		{402DB510-D0FE-45AB-AB19-269E08AC5DDA}.Ad-Hoc|iPhone.ActiveCfg = Release|Any CPU
		{402DB510-D0FE-45AB-AB19-269E08AC5DDA}.Ad-Hoc|iPhone.Build.0 = Release|Any CPU
		{402DB510-D0FE-45AB-AB19-269E08AC5DDA}.Ad-Hoc|iPhone.Deploy.0 = Release|Any CPU
		{402DB510-D0FE-45AB-AB19-269E08AC5DDA}.Ad-Hoc|iPhoneSimulator.ActiveCfg = Release|Any CPU
		{402DB510-D0FE-45AB-AB19-269E08AC5DDA}.Ad-Hoc|iPhoneSimulator.Build.0 = Release|Any CPU
		{402DB510-D0FE-45AB-AB19-269E08AC5DDA}.Ad-Hoc|iPhoneSimulator.Deploy.0 = Release|Any CPU
		{402DB510-D0FE-45AB-AB19-269E08AC5DDA}.Ad-Hoc|x64.ActiveCfg = Release|Any CPU
		{402DB510-D0FE-45AB-AB19-269E08AC5DDA}.Ad-Hoc|x64.Build.0 = Release|Any CPU
		{402DB510-D0FE-45AB-AB19-269E08AC5DDA}.Ad-Hoc|x64.Deploy.0 = Release|Any CPU
		{402DB510-D0FE-45AB-AB19-269E08AC5DDA}.Ad-Hoc|x86.ActiveCfg = Release|Any CPU
		{402DB510-D0FE-45AB-AB19-269E08AC5DDA}.Ad-Hoc|x86.Build.0 = Release|Any CPU
		{402DB510-D0FE-45AB-AB19-269E08AC5DDA}.Ad-Hoc|x86.Deploy.0 = Release|Any CPU
		{402DB510-D0FE-45AB-AB19-269E08AC5DDA}.AppStore|Any CPU.ActiveCfg = Release|Any CPU
		{402DB510-D0FE-45AB-AB19-269E08AC5DDA}.AppStore|Any CPU.Build.0 = Release|Any CPU
		{402DB510-D0FE-45AB-AB19-269E08AC5DDA}.AppStore|Any CPU.Deploy.0 = Release|Any CPU
		{402DB510-D0FE-45AB-AB19-269E08AC5DDA}.AppStore|ARM.ActiveCfg = Release|Any CPU
		{402DB510-D0FE-45AB-AB19-269E08AC5DDA}.AppStore|ARM.Build.0 = Release|Any CPU
		{402DB510-D0FE-45AB-AB19-269E08AC5DDA}.AppStore|ARM.Deploy.0 = Release|Any CPU
		{402DB510-D0FE-45AB-AB19-269E08AC5DDA}.AppStore|iPhone.ActiveCfg = Release|Any CPU
		{402DB510-D0FE-45AB-AB19-269E08AC5DDA}.AppStore|iPhone.Build.0 = Release|Any CPU
		{402DB510-D0FE-45AB-AB19-269E08AC5DDA}.AppStore|iPhone.Deploy.0 = Release|Any CPU
		{402DB510-D0FE-45AB-AB19-269E08AC5DDA}.AppStore|iPhoneSimulator.ActiveCfg = Release|Any CPU
		{402DB510-D0FE-45AB-AB19-269E08AC5DDA}.AppStore|iPhoneSimulator.Build.0 = Release|Any CPU
		{402DB510-D0FE-45AB-AB19-269E08AC5DDA}.AppStore|iPhoneSimulator.Deploy.0 = Release|Any CPU
		{402DB510-D0FE-45AB-AB19-269E08AC5DDA}.AppStore|x64.ActiveCfg = Release|Any CPU
		{402DB510-D0FE-45AB-AB19-269E08AC5DDA}.AppStore|x64.Build.0 = Release|Any CPU
		{402DB510-D0FE-45AB-AB19-269E08AC5DDA}.AppStore|x64.Deploy.0 = Release|Any CPU
		{402DB510-D0FE-45AB-AB19-269E08AC5DDA}.AppStore|x86.ActiveCfg = Release|Any CPU
		{402DB510-D0FE-45AB-AB19-269E08AC5DDA}.AppStore|x86.Build.0 = Release|Any CPU
		{402DB510-D0FE-45AB-AB19-269E08AC5DDA}.AppStore|x86.Deploy.0 = Release|Any CPU
		{402DB510-D0FE-45AB-AB19-269E08AC5DDA}.Debug|Any CPU.ActiveCfg = Debug|Any CPU
		{402DB510-D0FE-45AB-AB19-269E08AC5DDA}.Debug|Any CPU.Build.0 = Debug|Any CPU
		{402DB510-D0FE-45AB-AB19-269E08AC5DDA}.Debug|Any CPU.Deploy.0 = Debug|Any CPU
		{402DB510-D0FE-45AB-AB19-269E08AC5DDA}.Debug|ARM.ActiveCfg = Debug|Any CPU
		{402DB510-D0FE-45AB-AB19-269E08AC5DDA}.Debug|ARM.Build.0 = Debug|Any CPU
		{402DB510-D0FE-45AB-AB19-269E08AC5DDA}.Debug|ARM.Deploy.0 = Debug|Any CPU
		{402DB510-D0FE-45AB-AB19-269E08AC5DDA}.Debug|iPhone.ActiveCfg = Debug|Any CPU
		{402DB510-D0FE-45AB-AB19-269E08AC5DDA}.Debug|iPhone.Build.0 = Debug|Any CPU
		{402DB510-D0FE-45AB-AB19-269E08AC5DDA}.Debug|iPhone.Deploy.0 = Debug|Any CPU
		{402DB510-D0FE-45AB-AB19-269E08AC5DDA}.Debug|iPhoneSimulator.ActiveCfg = Debug|Any CPU
		{402DB510-D0FE-45AB-AB19-269E08AC5DDA}.Debug|iPhoneSimulator.Build.0 = Debug|Any CPU
		{402DB510-D0FE-45AB-AB19-269E08AC5DDA}.Debug|iPhoneSimulator.Deploy.0 = Debug|Any CPU
		{402DB510-D0FE-45AB-AB19-269E08AC5DDA}.Debug|x64.ActiveCfg = Debug|Any CPU
		{402DB510-D0FE-45AB-AB19-269E08AC5DDA}.Debug|x64.Build.0 = Debug|Any CPU
		{402DB510-D0FE-45AB-AB19-269E08AC5DDA}.Debug|x64.Deploy.0 = Debug|Any CPU
		{402DB510-D0FE-45AB-AB19-269E08AC5DDA}.Debug|x86.ActiveCfg = Debug|Any CPU
		{402DB510-D0FE-45AB-AB19-269E08AC5DDA}.Debug|x86.Build.0 = Debug|Any CPU
		{402DB510-D0FE-45AB-AB19-269E08AC5DDA}.Debug|x86.Deploy.0 = Debug|Any CPU
		{402DB510-D0FE-45AB-AB19-269E08AC5DDA}.Release|Any CPU.ActiveCfg = Release|Any CPU
		{402DB510-D0FE-45AB-AB19-269E08AC5DDA}.Release|Any CPU.Build.0 = Release|Any CPU
		{402DB510-D0FE-45AB-AB19-269E08AC5DDA}.Release|Any CPU.Deploy.0 = Release|Any CPU
		{402DB510-D0FE-45AB-AB19-269E08AC5DDA}.Release|ARM.ActiveCfg = Release|Any CPU
		{402DB510-D0FE-45AB-AB19-269E08AC5DDA}.Release|ARM.Build.0 = Release|Any CPU
		{402DB510-D0FE-45AB-AB19-269E08AC5DDA}.Release|ARM.Deploy.0 = Release|Any CPU
		{402DB510-D0FE-45AB-AB19-269E08AC5DDA}.Release|iPhone.ActiveCfg = Release|Any CPU
		{402DB510-D0FE-45AB-AB19-269E08AC5DDA}.Release|iPhone.Build.0 = Release|Any CPU
		{402DB510-D0FE-45AB-AB19-269E08AC5DDA}.Release|iPhone.Deploy.0 = Release|Any CPU
		{402DB510-D0FE-45AB-AB19-269E08AC5DDA}.Release|iPhoneSimulator.ActiveCfg = Release|Any CPU
		{402DB510-D0FE-45AB-AB19-269E08AC5DDA}.Release|iPhoneSimulator.Build.0 = Release|Any CPU
		{402DB510-D0FE-45AB-AB19-269E08AC5DDA}.Release|iPhoneSimulator.Deploy.0 = Release|Any CPU
		{402DB510-D0FE-45AB-AB19-269E08AC5DDA}.Release|x64.ActiveCfg = Release|Any CPU
		{402DB510-D0FE-45AB-AB19-269E08AC5DDA}.Release|x64.Build.0 = Release|Any CPU
		{402DB510-D0FE-45AB-AB19-269E08AC5DDA}.Release|x64.Deploy.0 = Release|Any CPU
		{402DB510-D0FE-45AB-AB19-269E08AC5DDA}.Release|x86.ActiveCfg = Release|Any CPU
		{402DB510-D0FE-45AB-AB19-269E08AC5DDA}.Release|x86.Build.0 = Release|Any CPU
		{402DB510-D0FE-45AB-AB19-269E08AC5DDA}.Release|x86.Deploy.0 = Release|Any CPU
		{1935F1B5-865B-4953-A4F3-52F307A449DA}.Ad-Hoc|Any CPU.ActiveCfg = Ad-Hoc|iPhone
		{1935F1B5-865B-4953-A4F3-52F307A449DA}.Ad-Hoc|Any CPU.Build.0 = Ad-Hoc|iPhone
		{1935F1B5-865B-4953-A4F3-52F307A449DA}.Ad-Hoc|Any CPU.Deploy.0 = Ad-Hoc|iPhone
		{1935F1B5-865B-4953-A4F3-52F307A449DA}.Ad-Hoc|ARM.ActiveCfg = Ad-Hoc|iPhone
		{1935F1B5-865B-4953-A4F3-52F307A449DA}.Ad-Hoc|ARM.Build.0 = Ad-Hoc|iPhone
		{1935F1B5-865B-4953-A4F3-52F307A449DA}.Ad-Hoc|ARM.Deploy.0 = Ad-Hoc|iPhone
		{1935F1B5-865B-4953-A4F3-52F307A449DA}.Ad-Hoc|iPhone.ActiveCfg = Ad-Hoc|iPhone
		{1935F1B5-865B-4953-A4F3-52F307A449DA}.Ad-Hoc|iPhone.Build.0 = Ad-Hoc|iPhone
		{1935F1B5-865B-4953-A4F3-52F307A449DA}.Ad-Hoc|iPhone.Deploy.0 = Ad-Hoc|iPhone
		{1935F1B5-865B-4953-A4F3-52F307A449DA}.Ad-Hoc|iPhoneSimulator.ActiveCfg = Ad-Hoc|iPhoneSimulator
		{1935F1B5-865B-4953-A4F3-52F307A449DA}.Ad-Hoc|iPhoneSimulator.Build.0 = Ad-Hoc|iPhoneSimulator
		{1935F1B5-865B-4953-A4F3-52F307A449DA}.Ad-Hoc|iPhoneSimulator.Deploy.0 = Ad-Hoc|iPhoneSimulator
		{1935F1B5-865B-4953-A4F3-52F307A449DA}.Ad-Hoc|x64.ActiveCfg = Ad-Hoc|iPhone
		{1935F1B5-865B-4953-A4F3-52F307A449DA}.Ad-Hoc|x64.Build.0 = Ad-Hoc|iPhone
		{1935F1B5-865B-4953-A4F3-52F307A449DA}.Ad-Hoc|x64.Deploy.0 = Ad-Hoc|iPhone
		{1935F1B5-865B-4953-A4F3-52F307A449DA}.Ad-Hoc|x86.ActiveCfg = Ad-Hoc|iPhone
		{1935F1B5-865B-4953-A4F3-52F307A449DA}.Ad-Hoc|x86.Build.0 = Ad-Hoc|iPhone
		{1935F1B5-865B-4953-A4F3-52F307A449DA}.Ad-Hoc|x86.Deploy.0 = Ad-Hoc|iPhone
		{1935F1B5-865B-4953-A4F3-52F307A449DA}.AppStore|Any CPU.ActiveCfg = AppStore|iPhone
		{1935F1B5-865B-4953-A4F3-52F307A449DA}.AppStore|Any CPU.Build.0 = AppStore|iPhone
		{1935F1B5-865B-4953-A4F3-52F307A449DA}.AppStore|Any CPU.Deploy.0 = AppStore|iPhone
		{1935F1B5-865B-4953-A4F3-52F307A449DA}.AppStore|ARM.ActiveCfg = AppStore|iPhone
		{1935F1B5-865B-4953-A4F3-52F307A449DA}.AppStore|ARM.Build.0 = AppStore|iPhone
		{1935F1B5-865B-4953-A4F3-52F307A449DA}.AppStore|ARM.Deploy.0 = AppStore|iPhone
		{1935F1B5-865B-4953-A4F3-52F307A449DA}.AppStore|iPhone.ActiveCfg = AppStore|iPhone
		{1935F1B5-865B-4953-A4F3-52F307A449DA}.AppStore|iPhone.Build.0 = AppStore|iPhone
		{1935F1B5-865B-4953-A4F3-52F307A449DA}.AppStore|iPhone.Deploy.0 = AppStore|iPhone
		{1935F1B5-865B-4953-A4F3-52F307A449DA}.AppStore|iPhoneSimulator.ActiveCfg = AppStore|iPhoneSimulator
		{1935F1B5-865B-4953-A4F3-52F307A449DA}.AppStore|iPhoneSimulator.Build.0 = AppStore|iPhoneSimulator
		{1935F1B5-865B-4953-A4F3-52F307A449DA}.AppStore|iPhoneSimulator.Deploy.0 = AppStore|iPhoneSimulator
		{1935F1B5-865B-4953-A4F3-52F307A449DA}.AppStore|x64.ActiveCfg = AppStore|iPhone
		{1935F1B5-865B-4953-A4F3-52F307A449DA}.AppStore|x64.Build.0 = AppStore|iPhone
		{1935F1B5-865B-4953-A4F3-52F307A449DA}.AppStore|x64.Deploy.0 = AppStore|iPhone
		{1935F1B5-865B-4953-A4F3-52F307A449DA}.AppStore|x86.ActiveCfg = AppStore|iPhone
		{1935F1B5-865B-4953-A4F3-52F307A449DA}.AppStore|x86.Build.0 = AppStore|iPhone
		{1935F1B5-865B-4953-A4F3-52F307A449DA}.AppStore|x86.Deploy.0 = AppStore|iPhone
		{1935F1B5-865B-4953-A4F3-52F307A449DA}.Debug|Any CPU.ActiveCfg = Debug|iPhoneSimulator
		{1935F1B5-865B-4953-A4F3-52F307A449DA}.Debug|Any CPU.Build.0 = Debug|iPhoneSimulator
		{1935F1B5-865B-4953-A4F3-52F307A449DA}.Debug|Any CPU.Deploy.0 = Debug|iPhoneSimulator
		{1935F1B5-865B-4953-A4F3-52F307A449DA}.Debug|ARM.ActiveCfg = Debug|iPhone
		{1935F1B5-865B-4953-A4F3-52F307A449DA}.Debug|ARM.Build.0 = Debug|iPhone
		{1935F1B5-865B-4953-A4F3-52F307A449DA}.Debug|ARM.Deploy.0 = Debug|iPhone
		{1935F1B5-865B-4953-A4F3-52F307A449DA}.Debug|iPhone.ActiveCfg = Debug|iPhone
		{1935F1B5-865B-4953-A4F3-52F307A449DA}.Debug|iPhone.Build.0 = Debug|iPhone
		{1935F1B5-865B-4953-A4F3-52F307A449DA}.Debug|iPhone.Deploy.0 = Debug|iPhone
		{1935F1B5-865B-4953-A4F3-52F307A449DA}.Debug|iPhoneSimulator.ActiveCfg = Debug|iPhoneSimulator
		{1935F1B5-865B-4953-A4F3-52F307A449DA}.Debug|iPhoneSimulator.Build.0 = Debug|iPhoneSimulator
		{1935F1B5-865B-4953-A4F3-52F307A449DA}.Debug|iPhoneSimulator.Deploy.0 = Debug|iPhoneSimulator
		{1935F1B5-865B-4953-A4F3-52F307A449DA}.Debug|x64.ActiveCfg = Debug|iPhone
		{1935F1B5-865B-4953-A4F3-52F307A449DA}.Debug|x64.Build.0 = Debug|iPhone
		{1935F1B5-865B-4953-A4F3-52F307A449DA}.Debug|x64.Deploy.0 = Debug|iPhone
		{1935F1B5-865B-4953-A4F3-52F307A449DA}.Debug|x86.ActiveCfg = Debug|iPhone
		{1935F1B5-865B-4953-A4F3-52F307A449DA}.Debug|x86.Build.0 = Debug|iPhone
		{1935F1B5-865B-4953-A4F3-52F307A449DA}.Debug|x86.Deploy.0 = Debug|iPhone
		{1935F1B5-865B-4953-A4F3-52F307A449DA}.Release|Any CPU.ActiveCfg = Release|iPhone
		{1935F1B5-865B-4953-A4F3-52F307A449DA}.Release|Any CPU.Build.0 = Release|iPhone
		{1935F1B5-865B-4953-A4F3-52F307A449DA}.Release|Any CPU.Deploy.0 = Release|iPhone
		{1935F1B5-865B-4953-A4F3-52F307A449DA}.Release|ARM.ActiveCfg = Release|iPhone
		{1935F1B5-865B-4953-A4F3-52F307A449DA}.Release|ARM.Build.0 = Release|iPhone
		{1935F1B5-865B-4953-A4F3-52F307A449DA}.Release|ARM.Deploy.0 = Release|iPhone
		{1935F1B5-865B-4953-A4F3-52F307A449DA}.Release|iPhone.ActiveCfg = Release|iPhone
		{1935F1B5-865B-4953-A4F3-52F307A449DA}.Release|iPhone.Build.0 = Release|iPhone
		{1935F1B5-865B-4953-A4F3-52F307A449DA}.Release|iPhone.Deploy.0 = Release|iPhone
		{1935F1B5-865B-4953-A4F3-52F307A449DA}.Release|iPhoneSimulator.ActiveCfg = Release|iPhoneSimulator
		{1935F1B5-865B-4953-A4F3-52F307A449DA}.Release|iPhoneSimulator.Build.0 = Release|iPhoneSimulator
		{1935F1B5-865B-4953-A4F3-52F307A449DA}.Release|iPhoneSimulator.Deploy.0 = Release|iPhoneSimulator
		{1935F1B5-865B-4953-A4F3-52F307A449DA}.Release|x64.ActiveCfg = Release|iPhone
		{1935F1B5-865B-4953-A4F3-52F307A449DA}.Release|x64.Build.0 = Release|iPhone
		{1935F1B5-865B-4953-A4F3-52F307A449DA}.Release|x64.Deploy.0 = Release|iPhone
		{1935F1B5-865B-4953-A4F3-52F307A449DA}.Release|x86.ActiveCfg = Release|iPhone
		{1935F1B5-865B-4953-A4F3-52F307A449DA}.Release|x86.Build.0 = Release|iPhone
		{1935F1B5-865B-4953-A4F3-52F307A449DA}.Release|x86.Deploy.0 = Release|iPhone
		{925B1967-E815-43F2-B811-24E0C53B4794}.Ad-Hoc|Any CPU.ActiveCfg = Release|x86
		{925B1967-E815-43F2-B811-24E0C53B4794}.Ad-Hoc|Any CPU.Build.0 = Release|x86
		{925B1967-E815-43F2-B811-24E0C53B4794}.Ad-Hoc|Any CPU.Deploy.0 = Release|x86
		{925B1967-E815-43F2-B811-24E0C53B4794}.Ad-Hoc|ARM.ActiveCfg = Release|ARM
		{925B1967-E815-43F2-B811-24E0C53B4794}.Ad-Hoc|ARM.Build.0 = Release|ARM
		{925B1967-E815-43F2-B811-24E0C53B4794}.Ad-Hoc|ARM.Deploy.0 = Release|ARM
		{925B1967-E815-43F2-B811-24E0C53B4794}.Ad-Hoc|iPhone.ActiveCfg = Release|x86
		{925B1967-E815-43F2-B811-24E0C53B4794}.Ad-Hoc|iPhone.Build.0 = Release|x86
		{925B1967-E815-43F2-B811-24E0C53B4794}.Ad-Hoc|iPhone.Deploy.0 = Release|x86
		{925B1967-E815-43F2-B811-24E0C53B4794}.Ad-Hoc|iPhoneSimulator.ActiveCfg = Release|x86
		{925B1967-E815-43F2-B811-24E0C53B4794}.Ad-Hoc|iPhoneSimulator.Build.0 = Release|x86
		{925B1967-E815-43F2-B811-24E0C53B4794}.Ad-Hoc|iPhoneSimulator.Deploy.0 = Release|x86
		{925B1967-E815-43F2-B811-24E0C53B4794}.Ad-Hoc|x64.ActiveCfg = Release|x64
		{925B1967-E815-43F2-B811-24E0C53B4794}.Ad-Hoc|x64.Build.0 = Release|x64
		{925B1967-E815-43F2-B811-24E0C53B4794}.Ad-Hoc|x64.Deploy.0 = Release|x64
		{925B1967-E815-43F2-B811-24E0C53B4794}.Ad-Hoc|x86.ActiveCfg = Release|x86
		{925B1967-E815-43F2-B811-24E0C53B4794}.Ad-Hoc|x86.Build.0 = Release|x86
		{925B1967-E815-43F2-B811-24E0C53B4794}.Ad-Hoc|x86.Deploy.0 = Release|x86
		{925B1967-E815-43F2-B811-24E0C53B4794}.AppStore|Any CPU.ActiveCfg = Release|x86
		{925B1967-E815-43F2-B811-24E0C53B4794}.AppStore|Any CPU.Build.0 = Release|x86
		{925B1967-E815-43F2-B811-24E0C53B4794}.AppStore|Any CPU.Deploy.0 = Release|x86
		{925B1967-E815-43F2-B811-24E0C53B4794}.AppStore|ARM.ActiveCfg = Release|ARM
		{925B1967-E815-43F2-B811-24E0C53B4794}.AppStore|ARM.Build.0 = Release|ARM
		{925B1967-E815-43F2-B811-24E0C53B4794}.AppStore|ARM.Deploy.0 = Release|ARM
		{925B1967-E815-43F2-B811-24E0C53B4794}.AppStore|iPhone.ActiveCfg = Release|x86
		{925B1967-E815-43F2-B811-24E0C53B4794}.AppStore|iPhone.Build.0 = Release|x86
		{925B1967-E815-43F2-B811-24E0C53B4794}.AppStore|iPhone.Deploy.0 = Release|x86
		{925B1967-E815-43F2-B811-24E0C53B4794}.AppStore|iPhoneSimulator.ActiveCfg = Release|x86
		{925B1967-E815-43F2-B811-24E0C53B4794}.AppStore|iPhoneSimulator.Build.0 = Release|x86
		{925B1967-E815-43F2-B811-24E0C53B4794}.AppStore|iPhoneSimulator.Deploy.0 = Release|x86
		{925B1967-E815-43F2-B811-24E0C53B4794}.AppStore|x64.ActiveCfg = Release|x64
		{925B1967-E815-43F2-B811-24E0C53B4794}.AppStore|x64.Build.0 = Release|x64
		{925B1967-E815-43F2-B811-24E0C53B4794}.AppStore|x64.Deploy.0 = Release|x64
		{925B1967-E815-43F2-B811-24E0C53B4794}.AppStore|x86.ActiveCfg = Release|x86
		{925B1967-E815-43F2-B811-24E0C53B4794}.AppStore|x86.Build.0 = Release|x86
		{925B1967-E815-43F2-B811-24E0C53B4794}.AppStore|x86.Deploy.0 = Release|x86
		{925B1967-E815-43F2-B811-24E0C53B4794}.Debug|Any CPU.ActiveCfg = Debug|x86
		{925B1967-E815-43F2-B811-24E0C53B4794}.Debug|Any CPU.Build.0 = Debug|x86
		{925B1967-E815-43F2-B811-24E0C53B4794}.Debug|Any CPU.Deploy.0 = Debug|x86
		{925B1967-E815-43F2-B811-24E0C53B4794}.Debug|ARM.ActiveCfg = Debug|ARM
		{925B1967-E815-43F2-B811-24E0C53B4794}.Debug|ARM.Build.0 = Debug|ARM
		{925B1967-E815-43F2-B811-24E0C53B4794}.Debug|ARM.Deploy.0 = Debug|ARM
		{925B1967-E815-43F2-B811-24E0C53B4794}.Debug|iPhone.ActiveCfg = Debug|x86
		{925B1967-E815-43F2-B811-24E0C53B4794}.Debug|iPhone.Build.0 = Debug|x86
		{925B1967-E815-43F2-B811-24E0C53B4794}.Debug|iPhone.Deploy.0 = Debug|x86
		{925B1967-E815-43F2-B811-24E0C53B4794}.Debug|iPhoneSimulator.ActiveCfg = Debug|x86
		{925B1967-E815-43F2-B811-24E0C53B4794}.Debug|iPhoneSimulator.Build.0 = Debug|x86
		{925B1967-E815-43F2-B811-24E0C53B4794}.Debug|iPhoneSimulator.Deploy.0 = Debug|x86
		{925B1967-E815-43F2-B811-24E0C53B4794}.Debug|x64.ActiveCfg = Debug|x64
		{925B1967-E815-43F2-B811-24E0C53B4794}.Debug|x64.Build.0 = Debug|x64
		{925B1967-E815-43F2-B811-24E0C53B4794}.Debug|x64.Deploy.0 = Debug|x64
		{925B1967-E815-43F2-B811-24E0C53B4794}.Debug|x86.ActiveCfg = Debug|x86
		{925B1967-E815-43F2-B811-24E0C53B4794}.Debug|x86.Build.0 = Debug|x86
		{925B1967-E815-43F2-B811-24E0C53B4794}.Debug|x86.Deploy.0 = Debug|x86
		{925B1967-E815-43F2-B811-24E0C53B4794}.Release|Any CPU.ActiveCfg = Release|x86
		{925B1967-E815-43F2-B811-24E0C53B4794}.Release|Any CPU.Build.0 = Release|x86
		{925B1967-E815-43F2-B811-24E0C53B4794}.Release|Any CPU.Deploy.0 = Release|x86
		{925B1967-E815-43F2-B811-24E0C53B4794}.Release|ARM.ActiveCfg = Release|ARM
		{925B1967-E815-43F2-B811-24E0C53B4794}.Release|ARM.Build.0 = Release|ARM
		{925B1967-E815-43F2-B811-24E0C53B4794}.Release|ARM.Deploy.0 = Release|ARM
		{925B1967-E815-43F2-B811-24E0C53B4794}.Release|iPhone.ActiveCfg = Release|x86
		{925B1967-E815-43F2-B811-24E0C53B4794}.Release|iPhone.Build.0 = Release|x86
		{925B1967-E815-43F2-B811-24E0C53B4794}.Release|iPhone.Deploy.0 = Release|x86
		{925B1967-E815-43F2-B811-24E0C53B4794}.Release|iPhoneSimulator.ActiveCfg = Release|x86
		{925B1967-E815-43F2-B811-24E0C53B4794}.Release|iPhoneSimulator.Build.0 = Release|x86
		{925B1967-E815-43F2-B811-24E0C53B4794}.Release|iPhoneSimulator.Deploy.0 = Release|x86
		{925B1967-E815-43F2-B811-24E0C53B4794}.Release|x64.ActiveCfg = Release|x64
		{925B1967-E815-43F2-B811-24E0C53B4794}.Release|x64.Build.0 = Release|x64
		{925B1967-E815-43F2-B811-24E0C53B4794}.Release|x64.Deploy.0 = Release|x64
		{925B1967-E815-43F2-B811-24E0C53B4794}.Release|x86.ActiveCfg = Release|x86
		{925B1967-E815-43F2-B811-24E0C53B4794}.Release|x86.Build.0 = Release|x86
		{925B1967-E815-43F2-B811-24E0C53B4794}.Release|x86.Deploy.0 = Release|x86
		{22C144DE-C1C3-4FC6-AC06-E862C9EE993C}.Ad-Hoc|Any CPU.ActiveCfg = Debug|Any CPU
		{22C144DE-C1C3-4FC6-AC06-E862C9EE993C}.Ad-Hoc|Any CPU.Build.0 = Debug|Any CPU
		{22C144DE-C1C3-4FC6-AC06-E862C9EE993C}.Ad-Hoc|Any CPU.Deploy.0 = Debug|Any CPU
		{22C144DE-C1C3-4FC6-AC06-E862C9EE993C}.Ad-Hoc|ARM.ActiveCfg = Debug|Any CPU
		{22C144DE-C1C3-4FC6-AC06-E862C9EE993C}.Ad-Hoc|ARM.Build.0 = Debug|Any CPU
		{22C144DE-C1C3-4FC6-AC06-E862C9EE993C}.Ad-Hoc|ARM.Deploy.0 = Debug|Any CPU
		{22C144DE-C1C3-4FC6-AC06-E862C9EE993C}.Ad-Hoc|iPhone.ActiveCfg = Debug|Any CPU
		{22C144DE-C1C3-4FC6-AC06-E862C9EE993C}.Ad-Hoc|iPhone.Build.0 = Debug|Any CPU
		{22C144DE-C1C3-4FC6-AC06-E862C9EE993C}.Ad-Hoc|iPhone.Deploy.0 = Debug|Any CPU
		{22C144DE-C1C3-4FC6-AC06-E862C9EE993C}.Ad-Hoc|iPhoneSimulator.ActiveCfg = Debug|Any CPU
		{22C144DE-C1C3-4FC6-AC06-E862C9EE993C}.Ad-Hoc|iPhoneSimulator.Build.0 = Debug|Any CPU
		{22C144DE-C1C3-4FC6-AC06-E862C9EE993C}.Ad-Hoc|iPhoneSimulator.Deploy.0 = Debug|Any CPU
		{22C144DE-C1C3-4FC6-AC06-E862C9EE993C}.Ad-Hoc|x64.ActiveCfg = Debug|Any CPU
		{22C144DE-C1C3-4FC6-AC06-E862C9EE993C}.Ad-Hoc|x64.Build.0 = Debug|Any CPU
		{22C144DE-C1C3-4FC6-AC06-E862C9EE993C}.Ad-Hoc|x64.Deploy.0 = Debug|Any CPU
		{22C144DE-C1C3-4FC6-AC06-E862C9EE993C}.Ad-Hoc|x86.ActiveCfg = Debug|Any CPU
		{22C144DE-C1C3-4FC6-AC06-E862C9EE993C}.Ad-Hoc|x86.Build.0 = Debug|Any CPU
		{22C144DE-C1C3-4FC6-AC06-E862C9EE993C}.Ad-Hoc|x86.Deploy.0 = Debug|Any CPU
		{22C144DE-C1C3-4FC6-AC06-E862C9EE993C}.AppStore|Any CPU.ActiveCfg = Debug|Any CPU
		{22C144DE-C1C3-4FC6-AC06-E862C9EE993C}.AppStore|Any CPU.Build.0 = Debug|Any CPU
		{22C144DE-C1C3-4FC6-AC06-E862C9EE993C}.AppStore|Any CPU.Deploy.0 = Debug|Any CPU
		{22C144DE-C1C3-4FC6-AC06-E862C9EE993C}.AppStore|ARM.ActiveCfg = Debug|Any CPU
		{22C144DE-C1C3-4FC6-AC06-E862C9EE993C}.AppStore|ARM.Build.0 = Debug|Any CPU
		{22C144DE-C1C3-4FC6-AC06-E862C9EE993C}.AppStore|ARM.Deploy.0 = Debug|Any CPU
		{22C144DE-C1C3-4FC6-AC06-E862C9EE993C}.AppStore|iPhone.ActiveCfg = Debug|Any CPU
		{22C144DE-C1C3-4FC6-AC06-E862C9EE993C}.AppStore|iPhone.Build.0 = Debug|Any CPU
		{22C144DE-C1C3-4FC6-AC06-E862C9EE993C}.AppStore|iPhone.Deploy.0 = Debug|Any CPU
		{22C144DE-C1C3-4FC6-AC06-E862C9EE993C}.AppStore|iPhoneSimulator.ActiveCfg = Debug|Any CPU
		{22C144DE-C1C3-4FC6-AC06-E862C9EE993C}.AppStore|iPhoneSimulator.Build.0 = Debug|Any CPU
		{22C144DE-C1C3-4FC6-AC06-E862C9EE993C}.AppStore|iPhoneSimulator.Deploy.0 = Debug|Any CPU
		{22C144DE-C1C3-4FC6-AC06-E862C9EE993C}.AppStore|x64.ActiveCfg = Debug|Any CPU
		{22C144DE-C1C3-4FC6-AC06-E862C9EE993C}.AppStore|x64.Build.0 = Debug|Any CPU
		{22C144DE-C1C3-4FC6-AC06-E862C9EE993C}.AppStore|x64.Deploy.0 = Debug|Any CPU
		{22C144DE-C1C3-4FC6-AC06-E862C9EE993C}.AppStore|x86.ActiveCfg = Debug|Any CPU
		{22C144DE-C1C3-4FC6-AC06-E862C9EE993C}.AppStore|x86.Build.0 = Debug|Any CPU
		{22C144DE-C1C3-4FC6-AC06-E862C9EE993C}.AppStore|x86.Deploy.0 = Debug|Any CPU
		{22C144DE-C1C3-4FC6-AC06-E862C9EE993C}.Debug|Any CPU.ActiveCfg = Debug|Any CPU
		{22C144DE-C1C3-4FC6-AC06-E862C9EE993C}.Debug|Any CPU.Build.0 = Debug|Any CPU
		{22C144DE-C1C3-4FC6-AC06-E862C9EE993C}.Debug|Any CPU.Deploy.0 = Debug|Any CPU
		{22C144DE-C1C3-4FC6-AC06-E862C9EE993C}.Debug|ARM.ActiveCfg = Debug|Any CPU
		{22C144DE-C1C3-4FC6-AC06-E862C9EE993C}.Debug|ARM.Build.0 = Debug|Any CPU
		{22C144DE-C1C3-4FC6-AC06-E862C9EE993C}.Debug|ARM.Deploy.0 = Debug|Any CPU
		{22C144DE-C1C3-4FC6-AC06-E862C9EE993C}.Debug|iPhone.ActiveCfg = Debug|Any CPU
		{22C144DE-C1C3-4FC6-AC06-E862C9EE993C}.Debug|iPhone.Build.0 = Debug|Any CPU
		{22C144DE-C1C3-4FC6-AC06-E862C9EE993C}.Debug|iPhone.Deploy.0 = Debug|Any CPU
		{22C144DE-C1C3-4FC6-AC06-E862C9EE993C}.Debug|iPhoneSimulator.ActiveCfg = Debug|Any CPU
		{22C144DE-C1C3-4FC6-AC06-E862C9EE993C}.Debug|iPhoneSimulator.Build.0 = Debug|Any CPU
		{22C144DE-C1C3-4FC6-AC06-E862C9EE993C}.Debug|iPhoneSimulator.Deploy.0 = Debug|Any CPU
		{22C144DE-C1C3-4FC6-AC06-E862C9EE993C}.Debug|x64.ActiveCfg = Debug|Any CPU
		{22C144DE-C1C3-4FC6-AC06-E862C9EE993C}.Debug|x64.Build.0 = Debug|Any CPU
		{22C144DE-C1C3-4FC6-AC06-E862C9EE993C}.Debug|x64.Deploy.0 = Debug|Any CPU
		{22C144DE-C1C3-4FC6-AC06-E862C9EE993C}.Debug|x86.ActiveCfg = Debug|Any CPU
		{22C144DE-C1C3-4FC6-AC06-E862C9EE993C}.Debug|x86.Build.0 = Debug|Any CPU
		{22C144DE-C1C3-4FC6-AC06-E862C9EE993C}.Debug|x86.Deploy.0 = Debug|Any CPU
		{22C144DE-C1C3-4FC6-AC06-E862C9EE993C}.Release|Any CPU.ActiveCfg = Release|Any CPU
		{22C144DE-C1C3-4FC6-AC06-E862C9EE993C}.Release|Any CPU.Build.0 = Release|Any CPU
		{22C144DE-C1C3-4FC6-AC06-E862C9EE993C}.Release|Any CPU.Deploy.0 = Release|Any CPU
		{22C144DE-C1C3-4FC6-AC06-E862C9EE993C}.Release|ARM.ActiveCfg = Release|Any CPU
		{22C144DE-C1C3-4FC6-AC06-E862C9EE993C}.Release|ARM.Build.0 = Release|Any CPU
		{22C144DE-C1C3-4FC6-AC06-E862C9EE993C}.Release|ARM.Deploy.0 = Release|Any CPU
		{22C144DE-C1C3-4FC6-AC06-E862C9EE993C}.Release|iPhone.ActiveCfg = Release|Any CPU
		{22C144DE-C1C3-4FC6-AC06-E862C9EE993C}.Release|iPhone.Build.0 = Release|Any CPU
		{22C144DE-C1C3-4FC6-AC06-E862C9EE993C}.Release|iPhone.Deploy.0 = Release|Any CPU
		{22C144DE-C1C3-4FC6-AC06-E862C9EE993C}.Release|iPhoneSimulator.ActiveCfg = Release|Any CPU
		{22C144DE-C1C3-4FC6-AC06-E862C9EE993C}.Release|iPhoneSimulator.Build.0 = Release|Any CPU
		{22C144DE-C1C3-4FC6-AC06-E862C9EE993C}.Release|iPhoneSimulator.Deploy.0 = Release|Any CPU
		{22C144DE-C1C3-4FC6-AC06-E862C9EE993C}.Release|x64.ActiveCfg = Release|Any CPU
		{22C144DE-C1C3-4FC6-AC06-E862C9EE993C}.Release|x64.Build.0 = Release|Any CPU
		{22C144DE-C1C3-4FC6-AC06-E862C9EE993C}.Release|x64.Deploy.0 = Release|Any CPU
		{22C144DE-C1C3-4FC6-AC06-E862C9EE993C}.Release|x86.ActiveCfg = Release|Any CPU
		{22C144DE-C1C3-4FC6-AC06-E862C9EE993C}.Release|x86.Build.0 = Release|Any CPU
		{22C144DE-C1C3-4FC6-AC06-E862C9EE993C}.Release|x86.Deploy.0 = Release|Any CPU
	EndGlobalSection
	GlobalSection(SolutionProperties) = preSolution
		HideSolutionNode = FALSE
	EndGlobalSection
	GlobalSection(ExtensibilityGlobals) = postSolution
		SolutionGuid = {75C36A38-089F-48EF-8B41-BD2CB8B36ACF}
	EndGlobalSection
EndGlobal
